PODS:
  - AFNetworking (3.2.1):
    - AFNetworking/NSURLSession (= 3.2.1)
    - AFNetworking/Reachability (= 3.2.1)
    - AFNetworking/Security (= 3.2.1)
    - AFNetworking/Serialization (= 3.2.1)
    - AFNetworking/UIKit (= 3.2.1)
  - AFNetworking/NSURLSession (3.2.1):
    - AFNetworking/Reachability
    - AFNetworking/Security
    - AFNetworking/Serialization
  - AFNetworking/Reachability (3.2.1)
  - AFNetworking/Security (3.2.1)
  - AFNetworking/Serialization (3.2.1)
  - AFNetworking/UIKit (3.2.1):
    - AFNetworking/NSURLSession
  - AFSoundManager (2.1)
  - Colours (5.13.0):
    - Colours/ObjC (= 5.13.0)
  - Colours/ObjC (5.13.0)
  - FMDB (2.7.5):
    - FMDB/standard (= 2.7.5)
  - FMDB/standard (2.7.5)
  - HMSegmentedControl (1.5.5)
  - LKDBHelper (2.5.3):
    - LKDBHelper/standard (= 2.5.3)
  - LKDBHelper/standard (2.5.3):
    - FMDB
  - Masonry (1.1.0)
  - MBProgressHUD (1.1.0)
  - MJRefresh (3.2.3)
  - SDWebImage (5.0.6):
    - SDWebImage/Core (= 5.0.6)
  - SDWebImage/Core (5.0.6)
  - SVProgressHUD (2.2.5)
  - TMCache (2.1.0)
  - ZLPhotoBrowser (3.0.6):
    - SDWebImage (~> 5.0.2)
  - ZYModule (1.0.28):
    - AFSoundManager (~> 2.1)
    - Colours (~> 5.13.0)
    - ZLPhotoBrowser (~> 3.0.6)
    - ZYModule/AudioVoice (= 1.0.28)
    - ZYModule/DiyMJRefresh (= 1.0.28)
    - ZYModule/FingerVerification (= 1.0.28)
    - ZYModule/PhotoBrowser (= 1.0.28)
    - ZYModule/SpeechRecognizer (= 1.0.28)
    - ZYModule/ZYDataBaseManager (= 1.0.28)
    - ZYModule/ZYExtenClass (= 1.0.28)
    - ZYModule/ZYHttp (= 1.0.28)
    - ZYModule/ZYToolsFunction (= 1.0.28)
    - ZYModule/ZYUnility (= 1.0.28)
  - ZYModule/AudioVoice (1.0.28):
    - AFSoundManager (~> 2.1)
    - Colours (~> 5.13.0)
    - ZLPhotoBrowser (~> 3.0.6)
  - ZYModule/DiyMJRefresh (1.0.28):
    - AFSoundManager (~> 2.1)
    - Colours (~> 5.13.0)
    - MJRefresh (~> 3.2.0)
    - ZLPhotoBrowser (~> 3.0.6)
  - ZYModule/FingerVerification (1.0.28):
    - AFSoundManager (~> 2.1)
    - Colours (~> 5.13.0)
    - ZLPhotoBrowser (~> 3.0.6)
  - ZYModule/PhotoBrowser (1.0.28):
    - AFSoundManager (~> 2.1)
    - Colours (~> 5.13.0)
    - SDWebImage (~> 5.0.1)
    - ZLPhotoBrowser (~> 3.0.6)
  - ZYModule/SpeechRecognizer (1.0.28):
    - AFSoundManager (~> 2.1)
    - Colours (~> 5.13.0)
    - ZLPhotoBrowser (~> 3.0.6)
  - ZYModule/ZYDataBaseManager (1.0.28):
    - AFSoundManager (~> 2.1)
    - Colours (~> 5.13.0)
    - FMDB (~> 2.7.5)
    - LKDBHelper (~> 2.5.1)
    - ZLPhotoBrowser (~> 3.0.6)
  - ZYModule/ZYExtenClass (1.0.28):
    - AFSoundManager (~> 2.1)
    - Colours (~> 5.13.0)
    - Masonry (~> 1.1.0)
    - ZLPhotoBrowser (~> 3.0.6)
  - ZYModule/ZYHttp (1.0.28):
    - AFNetworking (~> 3.2.1)
    - AFSoundManager (~> 2.1)
    - Colours (~> 5.13.0)
    - TMCache (~> 2.1.0)
    - ZLPhotoBrowser (~> 3.0.6)
  - ZYModule/ZYToolsFunction (1.0.28):
    - AFSoundManager (~> 2.1)
    - Colours (~> 5.13.0)
    - MBProgressHUD (~> 1.1.0)
    - SVProgressHUD (~> 2.2.5)
    - ZLPhotoBrowser (~> 3.0.6)
  - ZYModule/ZYUnility (1.0.28):
    - AFSoundManager (~> 2.1)
    - Colours (~> 5.13.0)
    - HMSegmentedControl (~> 1.5.5)
    - Masonry (~> 1.1.0)
    - MBProgressHUD (~> 1.1.0)
    - SVProgressHUD (~> 2.2.5)
    - ZLPhotoBrowser (~> 3.0.6)

DEPENDENCIES:
  - ZYModule

SPEC REPOS:
  https://mirrors.tuna.tsinghua.edu.cn/git/CocoaPods/Specs.git:
    - AFNetworking
    - AFSoundManager
    - Colours
    - FMDB
    - HMSegmentedControl
    - LKDBHelper
    - Masonry
    - MBProgressHUD
    - MJRefresh
    - SDWebImage
    - SVProgressHUD
    - TMCache
    - ZLPhotoBrowser
    - ZYModule

SPEC CHECKSUMS:
  AFNetworking: b6f891fdfaed196b46c7a83cf209e09697b94057
  AFSoundManager: 232af6154e736e6b2d8c93fafebfafd14fad7510
  Colours: f24220c38f13deac88612667e9b4a7fb96b871d4
  FMDB: 2ce00b547f966261cd18927a3ddb07cb6f3db82a
  HMSegmentedControl: f514c6dad47aa3065e0ed2e8046b73efc71221b9
  LKDBHelper: 26b47fdd6f4c800ef83c478554829ff8a1da20c5
  Masonry: 678fab65091a9290e40e2832a55e7ab731aad201
  MBProgressHUD: e7baa36a220447d8aeb12769bf0585582f3866d9
  MJRefresh: 2b1214a2dc8f4df4c5dcb028ea2ad4e245425fb7
  SDWebImage: 920f1a2ff1ca8296ad34f6e0510a1ef1d70ac965
  SVProgressHUD: 1428aafac632c1f86f62aa4243ec12008d7a51d6
  TMCache: 95ebcc9b3c7e90fb5fd8fc3036cba3aa781c9bed
  ZLPhotoBrowser: 8975b83f53dbcec1399ef8d1badffc0e09aa9422
  ZYModule: be7da83f06de26aa66614270eb50e2bb4d185ff5

PODFILE CHECKSUM: 98702229f58d242762973ea4f0e15d705d43ee34

COCOAPODS: 1.8.4
